
Microsoft Visual Studio Solution File, Format Version 11.00
# Visual Studio 2010
Project("{FAE04EC0-301F-11D3-BF4B-00C04F79EFBC}") = "WinApi", "WinApi\WinApi.csproj", "{52793B3F-130C-4B05-8333-1529981DE780}"
EndProject
Project("{FAE04EC0-301F-11D3-BF4B-00C04F79EFBC}") = "Gothic", "Gothic\Gothic.csproj", "{82655F73-CF7C-4416-9313-BD657AD8F05F}"
EndProject
Project("{FAE04EC0-301F-11D3-BF4B-00C04F79EFBC}") = "GMPStarter", "GMPStarter\GMPStarter.csproj", "{07C4FA1D-750B-47F5-81E8-D7243BB980E4}"
	ProjectSection(ProjectDependencies) = postProject
		{C670CA0D-F27B-4745-9B76-B06882052E6B} = {C670CA0D-F27B-4745-9B76-B06882052E6B}
	EndProjectSection
EndProject
Project("{FAE04EC0-301F-11D3-BF4B-00C04F79EFBC}") = "GUC", "GMP\GUC.csproj", "{C670CA0D-F27B-4745-9B76-B06882052E6B}"
EndProject
Project("{FAE04EC0-301F-11D3-BF4B-00C04F79EFBC}") = "GMP_Server", "GMP_Server\GMP_Server.csproj", "{27FA7C52-3C80-4B72-8FBB-BCAC0328236E}"
EndProject
Project("{FAE04EC0-301F-11D3-BF4B-00C04F79EFBC}") = "Network", "Network\Network.csproj", "{A896EADC-459C-4F6D-8B16-86B0A0F0F6A8}"
EndProject
Project("{8BC9CEB8-8B4A-11D0-8D11-00A0C91BC942}") = "NetInject", "NetInject\NetInject.vcxproj", "{B2D09178-C478-4FA0-A62B-3FB40CE9B4D9}"
EndProject
Global
	GlobalSection(SolutionConfigurationPlatforms) = preSolution
		Debug|Any CPU = Debug|Any CPU
		Debug|Mixed Platforms = Debug|Mixed Platforms
		Debug|Win32 = Debug|Win32
		Debug|x86 = Debug|x86
		Release|Any CPU = Release|Any CPU
		Release|Mixed Platforms = Release|Mixed Platforms
		Release|Win32 = Release|Win32
		Release|x86 = Release|x86
		StockDebug|Any CPU = StockDebug|Any CPU
		StockDebug|Mixed Platforms = StockDebug|Mixed Platforms
		StockDebug|Win32 = StockDebug|Win32
		StockDebug|x86 = StockDebug|x86
		StockRelease|Any CPU = StockRelease|Any CPU
		StockRelease|Mixed Platforms = StockRelease|Mixed Platforms
		StockRelease|Win32 = StockRelease|Win32
		StockRelease|x86 = StockRelease|x86
	EndGlobalSection
	GlobalSection(ProjectConfigurationPlatforms) = postSolution
		{52793B3F-130C-4B05-8333-1529981DE780}.Debug|Any CPU.ActiveCfg = Debug|Any CPU
		{52793B3F-130C-4B05-8333-1529981DE780}.Debug|Any CPU.Build.0 = Debug|Any CPU
		{52793B3F-130C-4B05-8333-1529981DE780}.Debug|Mixed Platforms.ActiveCfg = Debug|Any CPU
		{52793B3F-130C-4B05-8333-1529981DE780}.Debug|Mixed Platforms.Build.0 = Debug|Any CPU
		{52793B3F-130C-4B05-8333-1529981DE780}.Debug|Win32.ActiveCfg = Debug|Any CPU
		{52793B3F-130C-4B05-8333-1529981DE780}.Debug|x86.ActiveCfg = Debug|Any CPU
		{52793B3F-130C-4B05-8333-1529981DE780}.Release|Any CPU.ActiveCfg = Release|Any CPU
		{52793B3F-130C-4B05-8333-1529981DE780}.Release|Any CPU.Build.0 = Release|Any CPU
		{52793B3F-130C-4B05-8333-1529981DE780}.Release|Mixed Platforms.ActiveCfg = Release|Any CPU
		{52793B3F-130C-4B05-8333-1529981DE780}.Release|Mixed Platforms.Build.0 = Release|Any CPU
		{52793B3F-130C-4B05-8333-1529981DE780}.Release|Win32.ActiveCfg = Release|Any CPU
		{52793B3F-130C-4B05-8333-1529981DE780}.Release|x86.ActiveCfg = Release|Any CPU
		{52793B3F-130C-4B05-8333-1529981DE780}.Release|x86.Build.0 = Release|Any CPU
		{52793B3F-130C-4B05-8333-1529981DE780}.StockDebug|Any CPU.ActiveCfg = Debug|Any CPU
		{52793B3F-130C-4B05-8333-1529981DE780}.StockDebug|Any CPU.Build.0 = Debug|Any CPU
		{52793B3F-130C-4B05-8333-1529981DE780}.StockDebug|Mixed Platforms.ActiveCfg = Debug|Any CPU
		{52793B3F-130C-4B05-8333-1529981DE780}.StockDebug|Mixed Platforms.Build.0 = Debug|Any CPU
		{52793B3F-130C-4B05-8333-1529981DE780}.StockDebug|Win32.ActiveCfg = Debug|Any CPU
		{52793B3F-130C-4B05-8333-1529981DE780}.StockDebug|x86.ActiveCfg = Debug|Any CPU
		{52793B3F-130C-4B05-8333-1529981DE780}.StockRelease|Any CPU.ActiveCfg = Release|Any CPU
		{52793B3F-130C-4B05-8333-1529981DE780}.StockRelease|Any CPU.Build.0 = Release|Any CPU
		{52793B3F-130C-4B05-8333-1529981DE780}.StockRelease|Mixed Platforms.ActiveCfg = Release|Any CPU
		{52793B3F-130C-4B05-8333-1529981DE780}.StockRelease|Mixed Platforms.Build.0 = Release|Any CPU
		{52793B3F-130C-4B05-8333-1529981DE780}.StockRelease|Win32.ActiveCfg = Release|Any CPU
		{52793B3F-130C-4B05-8333-1529981DE780}.StockRelease|x86.ActiveCfg = Release|Any CPU
		{82655F73-CF7C-4416-9313-BD657AD8F05F}.Debug|Any CPU.ActiveCfg = Debug|Any CPU
		{82655F73-CF7C-4416-9313-BD657AD8F05F}.Debug|Any CPU.Build.0 = Debug|Any CPU
		{82655F73-CF7C-4416-9313-BD657AD8F05F}.Debug|Mixed Platforms.ActiveCfg = Debug|Any CPU
		{82655F73-CF7C-4416-9313-BD657AD8F05F}.Debug|Mixed Platforms.Build.0 = Debug|Any CPU
		{82655F73-CF7C-4416-9313-BD657AD8F05F}.Debug|Win32.ActiveCfg = Debug|Any CPU
		{82655F73-CF7C-4416-9313-BD657AD8F05F}.Debug|x86.ActiveCfg = Debug|Any CPU
		{82655F73-CF7C-4416-9313-BD657AD8F05F}.Release|Any CPU.ActiveCfg = Release|Any CPU
		{82655F73-CF7C-4416-9313-BD657AD8F05F}.Release|Any CPU.Build.0 = Release|Any CPU
		{82655F73-CF7C-4416-9313-BD657AD8F05F}.Release|Mixed Platforms.ActiveCfg = Release|Any CPU
		{82655F73-CF7C-4416-9313-BD657AD8F05F}.Release|Mixed Platforms.Build.0 = Release|Any CPU
		{82655F73-CF7C-4416-9313-BD657AD8F05F}.Release|Win32.ActiveCfg = Release|Any CPU
		{82655F73-CF7C-4416-9313-BD657AD8F05F}.Release|x86.ActiveCfg = Release|Any CPU
		{82655F73-CF7C-4416-9313-BD657AD8F05F}.Release|x86.Build.0 = Release|Any CPU
		{82655F73-CF7C-4416-9313-BD657AD8F05F}.StockDebug|Any CPU.ActiveCfg = Debug|Any CPU
		{82655F73-CF7C-4416-9313-BD657AD8F05F}.StockDebug|Any CPU.Build.0 = Debug|Any CPU
		{82655F73-CF7C-4416-9313-BD657AD8F05F}.StockDebug|Mixed Platforms.ActiveCfg = Debug|Any CPU
		{82655F73-CF7C-4416-9313-BD657AD8F05F}.StockDebug|Mixed Platforms.Build.0 = Debug|Any CPU
		{82655F73-CF7C-4416-9313-BD657AD8F05F}.StockDebug|Win32.ActiveCfg = Debug|Any CPU
		{82655F73-CF7C-4416-9313-BD657AD8F05F}.StockDebug|x86.ActiveCfg = Debug|Any CPU
		{82655F73-CF7C-4416-9313-BD657AD8F05F}.StockRelease|Any CPU.ActiveCfg = Release|Any CPU
		{82655F73-CF7C-4416-9313-BD657AD8F05F}.StockRelease|Any CPU.Build.0 = Release|Any CPU
		{82655F73-CF7C-4416-9313-BD657AD8F05F}.StockRelease|Mixed Platforms.ActiveCfg = Release|Any CPU
		{82655F73-CF7C-4416-9313-BD657AD8F05F}.StockRelease|Mixed Platforms.Build.0 = Release|Any CPU
		{82655F73-CF7C-4416-9313-BD657AD8F05F}.StockRelease|Win32.ActiveCfg = Release|Any CPU
		{82655F73-CF7C-4416-9313-BD657AD8F05F}.StockRelease|x86.ActiveCfg = Release|Any CPU
		{07C4FA1D-750B-47F5-81E8-D7243BB980E4}.Debug|Any CPU.ActiveCfg = Debug|x86
		{07C4FA1D-750B-47F5-81E8-D7243BB980E4}.Debug|Mixed Platforms.ActiveCfg = Debug|x86
		{07C4FA1D-750B-47F5-81E8-D7243BB980E4}.Debug|Mixed Platforms.Build.0 = Debug|x86
		{07C4FA1D-750B-47F5-81E8-D7243BB980E4}.Debug|Win32.ActiveCfg = Debug|x86
		{07C4FA1D-750B-47F5-81E8-D7243BB980E4}.Debug|x86.ActiveCfg = Debug|x86
		{07C4FA1D-750B-47F5-81E8-D7243BB980E4}.Debug|x86.Build.0 = Debug|x86
		{07C4FA1D-750B-47F5-81E8-D7243BB980E4}.Release|Any CPU.ActiveCfg = Release|x86
		{07C4FA1D-750B-47F5-81E8-D7243BB980E4}.Release|Any CPU.Build.0 = Release|x86
		{07C4FA1D-750B-47F5-81E8-D7243BB980E4}.Release|Mixed Platforms.ActiveCfg = Release|x86
		{07C4FA1D-750B-47F5-81E8-D7243BB980E4}.Release|Mixed Platforms.Build.0 = Release|x86
		{07C4FA1D-750B-47F5-81E8-D7243BB980E4}.Release|Win32.ActiveCfg = Release|x86
		{07C4FA1D-750B-47F5-81E8-D7243BB980E4}.Release|x86.ActiveCfg = Release|x86
		{07C4FA1D-750B-47F5-81E8-D7243BB980E4}.Release|x86.Build.0 = Release|x86
		{07C4FA1D-750B-47F5-81E8-D7243BB980E4}.StockDebug|Any CPU.ActiveCfg = Debug|x86
		{07C4FA1D-750B-47F5-81E8-D7243BB980E4}.StockDebug|Mixed Platforms.ActiveCfg = Debug|x86
		{07C4FA1D-750B-47F5-81E8-D7243BB980E4}.StockDebug|Mixed Platforms.Build.0 = Debug|x86
		{07C4FA1D-750B-47F5-81E8-D7243BB980E4}.StockDebug|Win32.ActiveCfg = Debug|x86
		{07C4FA1D-750B-47F5-81E8-D7243BB980E4}.StockDebug|x86.ActiveCfg = Debug|x86
		{07C4FA1D-750B-47F5-81E8-D7243BB980E4}.StockDebug|x86.Build.0 = Debug|x86
		{07C4FA1D-750B-47F5-81E8-D7243BB980E4}.StockRelease|Any CPU.ActiveCfg = Release|x86
		{07C4FA1D-750B-47F5-81E8-D7243BB980E4}.StockRelease|Mixed Platforms.ActiveCfg = Release|x86
		{07C4FA1D-750B-47F5-81E8-D7243BB980E4}.StockRelease|Mixed Platforms.Build.0 = Release|x86
		{07C4FA1D-750B-47F5-81E8-D7243BB980E4}.StockRelease|Win32.ActiveCfg = Release|x86
		{07C4FA1D-750B-47F5-81E8-D7243BB980E4}.StockRelease|x86.ActiveCfg = Release|x86
		{07C4FA1D-750B-47F5-81E8-D7243BB980E4}.StockRelease|x86.Build.0 = Release|x86
		{C670CA0D-F27B-4745-9B76-B06882052E6B}.Debug|Any CPU.ActiveCfg = Debug|Any CPU
		{C670CA0D-F27B-4745-9B76-B06882052E6B}.Debug|Any CPU.Build.0 = Debug|Any CPU
		{C670CA0D-F27B-4745-9B76-B06882052E6B}.Debug|Mixed Platforms.ActiveCfg = Debug|Any CPU
		{C670CA0D-F27B-4745-9B76-B06882052E6B}.Debug|Mixed Platforms.Build.0 = Debug|Any CPU
		{C670CA0D-F27B-4745-9B76-B06882052E6B}.Debug|Win32.ActiveCfg = Debug|Any CPU
		{C670CA0D-F27B-4745-9B76-B06882052E6B}.Debug|x86.ActiveCfg = Debug|Any CPU
		{C670CA0D-F27B-4745-9B76-B06882052E6B}.Release|Any CPU.ActiveCfg = Release|Any CPU
		{C670CA0D-F27B-4745-9B76-B06882052E6B}.Release|Any CPU.Build.0 = Release|Any CPU
		{C670CA0D-F27B-4745-9B76-B06882052E6B}.Release|Mixed Platforms.ActiveCfg = Release|Any CPU
		{C670CA0D-F27B-4745-9B76-B06882052E6B}.Release|Mixed Platforms.Build.0 = Release|Any CPU
		{C670CA0D-F27B-4745-9B76-B06882052E6B}.Release|Win32.ActiveCfg = Release|Any CPU
		{C670CA0D-F27B-4745-9B76-B06882052E6B}.Release|x86.ActiveCfg = Release|Any CPU
		{C670CA0D-F27B-4745-9B76-B06882052E6B}.Release|x86.Build.0 = Release|Any CPU
		{C670CA0D-F27B-4745-9B76-B06882052E6B}.StockDebug|Any CPU.ActiveCfg = Debug|Any CPU
		{C670CA0D-F27B-4745-9B76-B06882052E6B}.StockDebug|Any CPU.Build.0 = Debug|Any CPU
		{C670CA0D-F27B-4745-9B76-B06882052E6B}.StockDebug|Mixed Platforms.ActiveCfg = Debug|Any CPU
		{C670CA0D-F27B-4745-9B76-B06882052E6B}.StockDebug|Mixed Platforms.Build.0 = Debug|Any CPU
		{C670CA0D-F27B-4745-9B76-B06882052E6B}.StockDebug|Win32.ActiveCfg = Debug|Any CPU
		{C670CA0D-F27B-4745-9B76-B06882052E6B}.StockDebug|x86.ActiveCfg = Debug|Any CPU
		{C670CA0D-F27B-4745-9B76-B06882052E6B}.StockRelease|Any CPU.ActiveCfg = Release|Any CPU
		{C670CA0D-F27B-4745-9B76-B06882052E6B}.StockRelease|Any CPU.Build.0 = Release|Any CPU
		{C670CA0D-F27B-4745-9B76-B06882052E6B}.StockRelease|Mixed Platforms.ActiveCfg = Release|Any CPU
		{C670CA0D-F27B-4745-9B76-B06882052E6B}.StockRelease|Mixed Platforms.Build.0 = Release|Any CPU
		{C670CA0D-F27B-4745-9B76-B06882052E6B}.StockRelease|Win32.ActiveCfg = Release|Any CPU
		{C670CA0D-F27B-4745-9B76-B06882052E6B}.StockRelease|x86.ActiveCfg = Release|Any CPU
		{27FA7C52-3C80-4B72-8FBB-BCAC0328236E}.Debug|Any CPU.ActiveCfg = Debug|x86
		{27FA7C52-3C80-4B72-8FBB-BCAC0328236E}.Debug|Mixed Platforms.ActiveCfg = Debug|x86
		{27FA7C52-3C80-4B72-8FBB-BCAC0328236E}.Debug|Mixed Platforms.Build.0 = Debug|x86
		{27FA7C52-3C80-4B72-8FBB-BCAC0328236E}.Debug|Win32.ActiveCfg = Debug|x86
		{27FA7C52-3C80-4B72-8FBB-BCAC0328236E}.Debug|x86.ActiveCfg = Debug|x86
		{27FA7C52-3C80-4B72-8FBB-BCAC0328236E}.Debug|x86.Build.0 = Debug|x86
		{27FA7C52-3C80-4B72-8FBB-BCAC0328236E}.Release|Any CPU.ActiveCfg = Release|x86
		{27FA7C52-3C80-4B72-8FBB-BCAC0328236E}.Release|Any CPU.Build.0 = Release|x86
		{27FA7C52-3C80-4B72-8FBB-BCAC0328236E}.Release|Mixed Platforms.ActiveCfg = Release|x86
		{27FA7C52-3C80-4B72-8FBB-BCAC0328236E}.Release|Mixed Platforms.Build.0 = Release|x86
		{27FA7C52-3C80-4B72-8FBB-BCAC0328236E}.Release|Win32.ActiveCfg = Release|x86
		{27FA7C52-3C80-4B72-8FBB-BCAC0328236E}.Release|x86.ActiveCfg = Release|x86
		{27FA7C52-3C80-4B72-8FBB-BCAC0328236E}.Release|x86.Build.0 = Release|x86
		{27FA7C52-3C80-4B72-8FBB-BCAC0328236E}.StockDebug|Any CPU.ActiveCfg = Debug|x86
		{27FA7C52-3C80-4B72-8FBB-BCAC0328236E}.StockDebug|Mixed Platforms.ActiveCfg = Debug|x86
		{27FA7C52-3C80-4B72-8FBB-BCAC0328236E}.StockDebug|Mixed Platforms.Build.0 = Debug|x86
		{27FA7C52-3C80-4B72-8FBB-BCAC0328236E}.StockDebug|Win32.ActiveCfg = Debug|x86
		{27FA7C52-3C80-4B72-8FBB-BCAC0328236E}.StockDebug|x86.ActiveCfg = Debug|x86
		{27FA7C52-3C80-4B72-8FBB-BCAC0328236E}.StockDebug|x86.Build.0 = Debug|x86
		{27FA7C52-3C80-4B72-8FBB-BCAC0328236E}.StockRelease|Any CPU.ActiveCfg = Release|x86
		{27FA7C52-3C80-4B72-8FBB-BCAC0328236E}.StockRelease|Mixed Platforms.ActiveCfg = Release|x86
		{27FA7C52-3C80-4B72-8FBB-BCAC0328236E}.StockRelease|Mixed Platforms.Build.0 = Release|x86
		{27FA7C52-3C80-4B72-8FBB-BCAC0328236E}.StockRelease|Win32.ActiveCfg = Release|x86
		{27FA7C52-3C80-4B72-8FBB-BCAC0328236E}.StockRelease|x86.ActiveCfg = Release|x86
		{27FA7C52-3C80-4B72-8FBB-BCAC0328236E}.StockRelease|x86.Build.0 = Release|x86
		{A896EADC-459C-4F6D-8B16-86B0A0F0F6A8}.Debug|Any CPU.ActiveCfg = Debug|Any CPU
		{A896EADC-459C-4F6D-8B16-86B0A0F0F6A8}.Debug|Any CPU.Build.0 = Debug|Any CPU
		{A896EADC-459C-4F6D-8B16-86B0A0F0F6A8}.Debug|Mixed Platforms.ActiveCfg = Debug|Any CPU
		{A896EADC-459C-4F6D-8B16-86B0A0F0F6A8}.Debug|Mixed Platforms.Build.0 = Debug|Any CPU
		{A896EADC-459C-4F6D-8B16-86B0A0F0F6A8}.Debug|Win32.ActiveCfg = Debug|Any CPU
		{A896EADC-459C-4F6D-8B16-86B0A0F0F6A8}.Debug|x86.ActiveCfg = Debug|Any CPU
		{A896EADC-459C-4F6D-8B16-86B0A0F0F6A8}.Release|Any CPU.ActiveCfg = Release|Any CPU
		{A896EADC-459C-4F6D-8B16-86B0A0F0F6A8}.Release|Any CPU.Build.0 = Release|Any CPU
		{A896EADC-459C-4F6D-8B16-86B0A0F0F6A8}.Release|Mixed Platforms.ActiveCfg = Release|Any CPU
		{A896EADC-459C-4F6D-8B16-86B0A0F0F6A8}.Release|Mixed Platforms.Build.0 = Release|Any CPU
		{A896EADC-459C-4F6D-8B16-86B0A0F0F6A8}.Release|Win32.ActiveCfg = Release|Any CPU
		{A896EADC-459C-4F6D-8B16-86B0A0F0F6A8}.Release|x86.ActiveCfg = Release|Any CPU
		{A896EADC-459C-4F6D-8B16-86B0A0F0F6A8}.Release|x86.Build.0 = Release|Any CPU
		{A896EADC-459C-4F6D-8B16-86B0A0F0F6A8}.StockDebug|Any CPU.ActiveCfg = Debug|Any CPU
		{A896EADC-459C-4F6D-8B16-86B0A0F0F6A8}.StockDebug|Any CPU.Build.0 = Debug|Any CPU
		{A896EADC-459C-4F6D-8B16-86B0A0F0F6A8}.StockDebug|Mixed Platforms.ActiveCfg = Debug|Any CPU
		{A896EADC-459C-4F6D-8B16-86B0A0F0F6A8}.StockDebug|Mixed Platforms.Build.0 = Debug|Any CPU
		{A896EADC-459C-4F6D-8B16-86B0A0F0F6A8}.StockDebug|Win32.ActiveCfg = Debug|Any CPU
		{A896EADC-459C-4F6D-8B16-86B0A0F0F6A8}.StockDebug|x86.ActiveCfg = Debug|Any CPU
		{A896EADC-459C-4F6D-8B16-86B0A0F0F6A8}.StockRelease|Any CPU.ActiveCfg = Release|Any CPU
		{A896EADC-459C-4F6D-8B16-86B0A0F0F6A8}.StockRelease|Any CPU.Build.0 = Release|Any CPU
		{A896EADC-459C-4F6D-8B16-86B0A0F0F6A8}.StockRelease|Mixed Platforms.ActiveCfg = Release|Any CPU
		{A896EADC-459C-4F6D-8B16-86B0A0F0F6A8}.StockRelease|Mixed Platforms.Build.0 = Release|Any CPU
		{A896EADC-459C-4F6D-8B16-86B0A0F0F6A8}.StockRelease|Win32.ActiveCfg = Release|Any CPU
		{A896EADC-459C-4F6D-8B16-86B0A0F0F6A8}.StockRelease|x86.ActiveCfg = Release|Any CPU
		{B2D09178-C478-4FA0-A62B-3FB40CE9B4D9}.Debug|Any CPU.ActiveCfg = Debug|Win32
		{B2D09178-C478-4FA0-A62B-3FB40CE9B4D9}.Debug|Mixed Platforms.ActiveCfg = Debug|Win32
		{B2D09178-C478-4FA0-A62B-3FB40CE9B4D9}.Debug|Mixed Platforms.Build.0 = Debug|Win32
		{B2D09178-C478-4FA0-A62B-3FB40CE9B4D9}.Debug|Win32.ActiveCfg = Debug|Win32
		{B2D09178-C478-4FA0-A62B-3FB40CE9B4D9}.Debug|Win32.Build.0 = Debug|Win32
		{B2D09178-C478-4FA0-A62B-3FB40CE9B4D9}.Debug|x86.ActiveCfg = Debug|Win32
		{B2D09178-C478-4FA0-A62B-3FB40CE9B4D9}.Release|Any CPU.ActiveCfg = Release|Win32
		{B2D09178-C478-4FA0-A62B-3FB40CE9B4D9}.Release|Mixed Platforms.ActiveCfg = Release|Win32
		{B2D09178-C478-4FA0-A62B-3FB40CE9B4D9}.Release|Mixed Platforms.Build.0 = Release|Win32
		{B2D09178-C478-4FA0-A62B-3FB40CE9B4D9}.Release|Win32.ActiveCfg = Release|Win32
		{B2D09178-C478-4FA0-A62B-3FB40CE9B4D9}.Release|Win32.Build.0 = Release|Win32
		{B2D09178-C478-4FA0-A62B-3FB40CE9B4D9}.Release|x86.ActiveCfg = Release|Win32
		{B2D09178-C478-4FA0-A62B-3FB40CE9B4D9}.StockDebug|Any CPU.ActiveCfg = Debug|Win32
		{B2D09178-C478-4FA0-A62B-3FB40CE9B4D9}.StockDebug|Mixed Platforms.ActiveCfg = Debug|Win32
		{B2D09178-C478-4FA0-A62B-3FB40CE9B4D9}.StockDebug|Mixed Platforms.Build.0 = Debug|Win32
		{B2D09178-C478-4FA0-A62B-3FB40CE9B4D9}.StockDebug|Win32.ActiveCfg = Debug|Win32
		{B2D09178-C478-4FA0-A62B-3FB40CE9B4D9}.StockDebug|Win32.Build.0 = Debug|Win32
		{B2D09178-C478-4FA0-A62B-3FB40CE9B4D9}.StockDebug|x86.ActiveCfg = Debug|Win32
		{B2D09178-C478-4FA0-A62B-3FB40CE9B4D9}.StockRelease|Any CPU.ActiveCfg = Release|Win32
		{B2D09178-C478-4FA0-A62B-3FB40CE9B4D9}.StockRelease|Mixed Platforms.ActiveCfg = Release|Win32
		{B2D09178-C478-4FA0-A62B-3FB40CE9B4D9}.StockRelease|Mixed Platforms.Build.0 = Release|Win32
		{B2D09178-C478-4FA0-A62B-3FB40CE9B4D9}.StockRelease|Win32.ActiveCfg = Release|Win32
		{B2D09178-C478-4FA0-A62B-3FB40CE9B4D9}.StockRelease|Win32.Build.0 = Release|Win32
		{B2D09178-C478-4FA0-A62B-3FB40CE9B4D9}.StockRelease|x86.ActiveCfg = Release|Win32
	EndGlobalSection
	GlobalSection(SolutionProperties) = preSolution
		HideSolutionNode = FALSE
	EndGlobalSection
EndGlobal
