
Microsoft Visual Studio Solution File, Format Version 12.00
# Visual Studio 14
VisualStudioVersion = 14.0.24720.0
MinimumVisualStudioVersion = 10.0.40219.1
Project("{FAE04EC0-301F-11D3-BF4B-00C04F79EFBC}") = "WinApi", "WinApi\WinApi.csproj", "{52793B3F-130C-4B05-8333-1529981DE780}"
EndProject
Project("{FAE04EC0-301F-11D3-BF4B-00C04F79EFBC}") = "Gothic", "Gothic\Gothic.csproj", "{82655F73-CF7C-4416-9313-BD657AD8F05F}"
EndProject
Project("{FAE04EC0-301F-11D3-BF4B-00C04F79EFBC}") = "GUC", "GMP\GUC.csproj", "{C670CA0D-F27B-4745-9B76-B06882052E6B}"
EndProject
Project("{FAE04EC0-301F-11D3-BF4B-00C04F79EFBC}") = "GMP_Server", "GMP_Server\GMP_Server.csproj", "{27FA7C52-3C80-4B72-8FBB-BCAC0328236E}"
EndProject
Project("{FAE04EC0-301F-11D3-BF4B-00C04F79EFBC}") = "Network", "Network\Network.csproj", "{A896EADC-459C-4F6D-8B16-86B0A0F0F6A8}"
EndProject
Project("{8BC9CEB8-8B4A-11D0-8D11-00A0C91BC942}") = "NetInject", "NetInject\NetInject.vcxproj", "{B2D09178-C478-4FA0-A62B-3FB40CE9B4D9}"
EndProject
Project("{FAE04EC0-301F-11D3-BF4B-00C04F79EFBC}") = "ServerScripts", "ServerScripts\ServerScripts.csproj", "{477C9B57-AD36-4CAC-998F-800C5A693C35}"
EndProject
Project("{2150E333-8FDC-42A3-9474-1A3956D46DE8}") = "Launcher", "Launcher", "{5842A812-AE4C-4FAA-BE9E-650C56B53236}"
	ProjectSection(SolutionItems) = preProject
		Launcher\Launcher2_tester.exe = Launcher\Launcher2_tester.exe
		Launcher\ReadMe.txt = Launcher\ReadMe.txt
	EndProjectSection
EndProject
Project("{2150E333-8FDC-42A3-9474-1A3956D46DE8}") = "Animations", "Animations", "{2CFE5DD3-579B-4320-8689-4A611ECD5C80}"
	ProjectSection(SolutionItems) = preProject
		E:\Spiele\Gothic 2\System\UntoldChapter\Server\Animations\Alligator.times = E:\Spiele\Gothic 2\System\UntoldChapter\Server\Animations\Alligator.times
		E:\Spiele\Gothic 2\System\UntoldChapter\Server\Animations\Blattcrawler.times = E:\Spiele\Gothic 2\System\UntoldChapter\Server\Animations\Blattcrawler.times
		E:\Spiele\Gothic 2\System\UntoldChapter\Server\Animations\Bloodfly.times = E:\Spiele\Gothic 2\System\UntoldChapter\Server\Animations\Bloodfly.times
		E:\Spiele\Gothic 2\System\UntoldChapter\Server\Animations\Crawler.times = E:\Spiele\Gothic 2\System\UntoldChapter\Server\Animations\Crawler.times
		E:\Spiele\Gothic 2\System\UntoldChapter\Server\Animations\Demon.times = E:\Spiele\Gothic 2\System\UntoldChapter\Server\Animations\Demon.times
		E:\Spiele\Gothic 2\System\UntoldChapter\Server\Animations\Draconian.times = E:\Spiele\Gothic 2\System\UntoldChapter\Server\Animations\Draconian.times
		E:\Spiele\Gothic 2\System\UntoldChapter\Server\Animations\Dragon.times = E:\Spiele\Gothic 2\System\UntoldChapter\Server\Animations\Dragon.times
		E:\Spiele\Gothic 2\System\UntoldChapter\Server\Animations\Dragon_Rock.times = E:\Spiele\Gothic 2\System\UntoldChapter\Server\Animations\Dragon_Rock.times
		E:\Spiele\Gothic 2\System\UntoldChapter\Server\Animations\DragonSnapper.times = E:\Spiele\Gothic 2\System\UntoldChapter\Server\Animations\DragonSnapper.times
		E:\Spiele\Gothic 2\System\UntoldChapter\Server\Animations\FireShadow.times = E:\Spiele\Gothic 2\System\UntoldChapter\Server\Animations\FireShadow.times
		E:\Spiele\Gothic 2\System\UntoldChapter\Server\Animations\Giant_Bug.times = E:\Spiele\Gothic 2\System\UntoldChapter\Server\Animations\Giant_Bug.times
		E:\Spiele\Gothic 2\System\UntoldChapter\Server\Animations\Giant_Rat.times = E:\Spiele\Gothic 2\System\UntoldChapter\Server\Animations\Giant_Rat.times
		E:\Spiele\Gothic 2\System\UntoldChapter\Server\Animations\Gobbo.times = E:\Spiele\Gothic 2\System\UntoldChapter\Server\Animations\Gobbo.times
		E:\Spiele\Gothic 2\System\UntoldChapter\Server\Animations\Golem.times = E:\Spiele\Gothic 2\System\UntoldChapter\Server\Animations\Golem.times
		E:\Spiele\Gothic 2\System\UntoldChapter\Server\Animations\Harpie.times = E:\Spiele\Gothic 2\System\UntoldChapter\Server\Animations\Harpie.times
		E:\Spiele\Gothic 2\System\UntoldChapter\Server\Animations\HumanS.times = E:\Spiele\Gothic 2\System\UntoldChapter\Server\Animations\HumanS.times
		E:\Spiele\Gothic 2\System\UntoldChapter\Server\Animations\Irrlicht.times = E:\Spiele\Gothic 2\System\UntoldChapter\Server\Animations\Irrlicht.times
		E:\Spiele\Gothic 2\System\UntoldChapter\Server\Animations\Keiler.times = E:\Spiele\Gothic 2\System\UntoldChapter\Server\Animations\Keiler.times
		E:\Spiele\Gothic 2\System\UntoldChapter\Server\Animations\Lurker.times = E:\Spiele\Gothic 2\System\UntoldChapter\Server\Animations\Lurker.times
		E:\Spiele\Gothic 2\System\UntoldChapter\Server\Animations\Meatbug.times = E:\Spiele\Gothic 2\System\UntoldChapter\Server\Animations\Meatbug.times
		E:\Spiele\Gothic 2\System\UntoldChapter\Server\Animations\Molerat.times = E:\Spiele\Gothic 2\System\UntoldChapter\Server\Animations\Molerat.times
		E:\Spiele\Gothic 2\System\UntoldChapter\Server\Animations\Orc.times = E:\Spiele\Gothic 2\System\UntoldChapter\Server\Animations\Orc.times
		E:\Spiele\Gothic 2\System\UntoldChapter\Server\Animations\Razor.times = E:\Spiele\Gothic 2\System\UntoldChapter\Server\Animations\Razor.times
		E:\Spiele\Gothic 2\System\UntoldChapter\Server\Animations\Scavenger.times = E:\Spiele\Gothic 2\System\UntoldChapter\Server\Animations\Scavenger.times
		E:\Spiele\Gothic 2\System\UntoldChapter\Server\Animations\ScavengerGL.times = E:\Spiele\Gothic 2\System\UntoldChapter\Server\Animations\ScavengerGL.times
		E:\Spiele\Gothic 2\System\UntoldChapter\Server\Animations\Shadow.times = E:\Spiele\Gothic 2\System\UntoldChapter\Server\Animations\Shadow.times
		E:\Spiele\Gothic 2\System\UntoldChapter\Server\Animations\Sheep.times = E:\Spiele\Gothic 2\System\UntoldChapter\Server\Animations\Sheep.times
		E:\Spiele\Gothic 2\System\UntoldChapter\Server\Animations\Snapper.times = E:\Spiele\Gothic 2\System\UntoldChapter\Server\Animations\Snapper.times
		E:\Spiele\Gothic 2\System\UntoldChapter\Server\Animations\StoneGuardian.times = E:\Spiele\Gothic 2\System\UntoldChapter\Server\Animations\StoneGuardian.times
		E:\Spiele\Gothic 2\System\UntoldChapter\Server\Animations\StonePuma.times = E:\Spiele\Gothic 2\System\UntoldChapter\Server\Animations\StonePuma.times
		E:\Spiele\Gothic 2\System\UntoldChapter\Server\Animations\SwampDrone.times = E:\Spiele\Gothic 2\System\UntoldChapter\Server\Animations\SwampDrone.times
		E:\Spiele\Gothic 2\System\UntoldChapter\Server\Animations\SwampGolem.times = E:\Spiele\Gothic 2\System\UntoldChapter\Server\Animations\SwampGolem.times
		E:\Spiele\Gothic 2\System\UntoldChapter\Server\Animations\SwampRat.times = E:\Spiele\Gothic 2\System\UntoldChapter\Server\Animations\SwampRat.times
		E:\Spiele\Gothic 2\System\UntoldChapter\Server\Animations\Swampshark.times = E:\Spiele\Gothic 2\System\UntoldChapter\Server\Animations\Swampshark.times
		E:\Spiele\Gothic 2\System\UntoldChapter\Server\Animations\SwampZombie.times = E:\Spiele\Gothic 2\System\UntoldChapter\Server\Animations\SwampZombie.times
		E:\Spiele\Gothic 2\System\UntoldChapter\Server\Animations\Swarm.times = E:\Spiele\Gothic 2\System\UntoldChapter\Server\Animations\Swarm.times
		E:\Spiele\Gothic 2\System\UntoldChapter\Server\Animations\Troll.times = E:\Spiele\Gothic 2\System\UntoldChapter\Server\Animations\Troll.times
		E:\Spiele\Gothic 2\System\UntoldChapter\Server\Animations\Waran.times = E:\Spiele\Gothic 2\System\UntoldChapter\Server\Animations\Waran.times
		E:\Spiele\Gothic 2\System\UntoldChapter\Server\Animations\Wolf.times = E:\Spiele\Gothic 2\System\UntoldChapter\Server\Animations\Wolf.times
		E:\Spiele\Gothic 2\System\UntoldChapter\Server\Animations\Zombie.times = E:\Spiele\Gothic 2\System\UntoldChapter\Server\Animations\Zombie.times
	EndProjectSection
EndProject
Project("{2150E333-8FDC-42A3-9474-1A3956D46DE8}") = "Overlays", "Overlays", "{B811D44F-B1C0-48B4-85CD-B3E0C19FFF8D}"
	ProjectSection(SolutionItems) = preProject
		E:\Spiele\Gothic 2\System\UntoldChapter\Server\Animations\Overlays\Firewaran.times = E:\Spiele\Gothic 2\System\UntoldChapter\Server\Animations\Overlays\Firewaran.times
		E:\Spiele\Gothic 2\System\UntoldChapter\Server\Animations\Overlays\Golem_Firegolem.times = E:\Spiele\Gothic 2\System\UntoldChapter\Server\Animations\Overlays\Golem_Firegolem.times
		E:\Spiele\Gothic 2\System\UntoldChapter\Server\Animations\Overlays\Golem_Icegolem.times = E:\Spiele\Gothic 2\System\UntoldChapter\Server\Animations\Overlays\Golem_Icegolem.times
		E:\Spiele\Gothic 2\System\UntoldChapter\Server\Animations\Overlays\Humans_1hST1.times = E:\Spiele\Gothic 2\System\UntoldChapter\Server\Animations\Overlays\Humans_1hST1.times
		E:\Spiele\Gothic 2\System\UntoldChapter\Server\Animations\Overlays\Humans_1hST2.times = E:\Spiele\Gothic 2\System\UntoldChapter\Server\Animations\Overlays\Humans_1hST2.times
		E:\Spiele\Gothic 2\System\UntoldChapter\Server\Animations\Overlays\Humans_2hST1.times = E:\Spiele\Gothic 2\System\UntoldChapter\Server\Animations\Overlays\Humans_2hST1.times
		E:\Spiele\Gothic 2\System\UntoldChapter\Server\Animations\Overlays\Humans_2hST2.times = E:\Spiele\Gothic 2\System\UntoldChapter\Server\Animations\Overlays\Humans_2hST2.times
		E:\Spiele\Gothic 2\System\UntoldChapter\Server\Animations\Overlays\Humans_Acrobatic.times = E:\Spiele\Gothic 2\System\UntoldChapter\Server\Animations\Overlays\Humans_Acrobatic.times
		E:\Spiele\Gothic 2\System\UntoldChapter\Server\Animations\Overlays\HumanS_Arrogance.times = E:\Spiele\Gothic 2\System\UntoldChapter\Server\Animations\Overlays\HumanS_Arrogance.times
		E:\Spiele\Gothic 2\System\UntoldChapter\Server\Animations\Overlays\Humans_Babe.times = E:\Spiele\Gothic 2\System\UntoldChapter\Server\Animations\Overlays\Humans_Babe.times
		E:\Spiele\Gothic 2\System\UntoldChapter\Server\Animations\Overlays\Humans_BowT1.times = E:\Spiele\Gothic 2\System\UntoldChapter\Server\Animations\Overlays\Humans_BowT1.times
		E:\Spiele\Gothic 2\System\UntoldChapter\Server\Animations\Overlays\Humans_BowT2.times = E:\Spiele\Gothic 2\System\UntoldChapter\Server\Animations\Overlays\Humans_BowT2.times
		E:\Spiele\Gothic 2\System\UntoldChapter\Server\Animations\Overlays\Humans_CBowT1.times = E:\Spiele\Gothic 2\System\UntoldChapter\Server\Animations\Overlays\Humans_CBowT1.times
		E:\Spiele\Gothic 2\System\UntoldChapter\Server\Animations\Overlays\Humans_CBowT2.times = E:\Spiele\Gothic 2\System\UntoldChapter\Server\Animations\Overlays\Humans_CBowT2.times
		E:\Spiele\Gothic 2\System\UntoldChapter\Server\Animations\Overlays\HumanS_Flee.times = E:\Spiele\Gothic 2\System\UntoldChapter\Server\Animations\Overlays\HumanS_Flee.times
		E:\Spiele\Gothic 2\System\UntoldChapter\Server\Animations\Overlays\Humans_Mage.times = E:\Spiele\Gothic 2\System\UntoldChapter\Server\Animations\Overlays\Humans_Mage.times
		E:\Spiele\Gothic 2\System\UntoldChapter\Server\Animations\Overlays\HumanS_Militia.times = E:\Spiele\Gothic 2\System\UntoldChapter\Server\Animations\Overlays\HumanS_Militia.times
		E:\Spiele\Gothic 2\System\UntoldChapter\Server\Animations\Overlays\HumanS_Relaxed.times = E:\Spiele\Gothic 2\System\UntoldChapter\Server\Animations\Overlays\HumanS_Relaxed.times
		E:\Spiele\Gothic 2\System\UntoldChapter\Server\Animations\Overlays\Humans_Skeleton.times = E:\Spiele\Gothic 2\System\UntoldChapter\Server\Animations\Overlays\Humans_Skeleton.times
		E:\Spiele\Gothic 2\System\UntoldChapter\Server\Animations\Overlays\Humans_Skeleton_Fly.times = E:\Spiele\Gothic 2\System\UntoldChapter\Server\Animations\Overlays\Humans_Skeleton_Fly.times
		E:\Spiele\Gothic 2\System\UntoldChapter\Server\Animations\Overlays\HumanS_Sprint.times = E:\Spiele\Gothic 2\System\UntoldChapter\Server\Animations\Overlays\HumanS_Sprint.times
		E:\Spiele\Gothic 2\System\UntoldChapter\Server\Animations\Overlays\HumanS_Swim.times = E:\Spiele\Gothic 2\System\UntoldChapter\Server\Animations\Overlays\HumanS_Swim.times
		E:\Spiele\Gothic 2\System\UntoldChapter\Server\Animations\Overlays\Humans_Tired.times = E:\Spiele\Gothic 2\System\UntoldChapter\Server\Animations\Overlays\Humans_Tired.times
		E:\Spiele\Gothic 2\System\UntoldChapter\Server\Animations\Overlays\Humans_Torch.times = E:\Spiele\Gothic 2\System\UntoldChapter\Server\Animations\Overlays\Humans_Torch.times
		E:\Spiele\Gothic 2\System\UntoldChapter\Server\Animations\Overlays\Orc_Torch.times = E:\Spiele\Gothic 2\System\UntoldChapter\Server\Animations\Overlays\Orc_Torch.times
		E:\Spiele\Gothic 2\System\UntoldChapter\Server\Animations\Overlays\Orcbiter.times = E:\Spiele\Gothic 2\System\UntoldChapter\Server\Animations\Overlays\Orcbiter.times
	EndProjectSection
EndProject
Project("{2150E333-8FDC-42A3-9474-1A3956D46DE8}") = "AnimationFiles", "AnimationFiles", "{5FA4D28D-8CD8-4BA8-BC25-4800F17768A9}"
	ProjectSection(SolutionItems) = preProject
		ReadMe.txt = ReadMe.txt
	EndProjectSection
EndProject
Project("{FAE04EC0-301F-11D3-BF4B-00C04F79EFBC}") = "ClientScripts", "ClientScripts\ClientScripts.csproj", "{A46549EC-1747-4E96-B7F0-A7A18B312DA5}"
	ProjectSection(ProjectDependencies) = postProject
		{C670CA0D-F27B-4745-9B76-B06882052E6B} = {C670CA0D-F27B-4745-9B76-B06882052E6B}
	EndProjectSection
EndProject
Project("{FAE04EC0-301F-11D3-BF4B-00C04F79EFBC}") = "Scripts", "Scripts\Scripts.csproj", "{B9C52BDA-4F73-4E5B-BFC7-A0EEA6A3F9A9}"
EndProject
Project("{FAE04EC0-301F-11D3-BF4B-00C04F79EFBC}") = "Launcher2", "Launcher2\Launcher2.csproj", "{D0BC151D-7C3B-473D-A9E3-D9D6ABDB52C7}"
EndProject
Global
	GlobalSection(SolutionConfigurationPlatforms) = preSolution
		Debug|Any CPU = Debug|Any CPU
		Debug|Mixed Platforms = Debug|Mixed Platforms
		Debug|Win32 = Debug|Win32
		Debug|x64 = Debug|x64
		Debug|x86 = Debug|x86
		Release|Any CPU = Release|Any CPU
		Release|Mixed Platforms = Release|Mixed Platforms
		Release|Win32 = Release|Win32
		Release|x64 = Release|x64
		Release|x86 = Release|x86
		StockDebug|Any CPU = StockDebug|Any CPU
		StockDebug|Mixed Platforms = StockDebug|Mixed Platforms
		StockDebug|Win32 = StockDebug|Win32
		StockDebug|x64 = StockDebug|x64
		StockDebug|x86 = StockDebug|x86
		StockRelease|Any CPU = StockRelease|Any CPU
		StockRelease|Mixed Platforms = StockRelease|Mixed Platforms
		StockRelease|Win32 = StockRelease|Win32
		StockRelease|x64 = StockRelease|x64
		StockRelease|x86 = StockRelease|x86
	EndGlobalSection
	GlobalSection(ProjectConfigurationPlatforms) = postSolution
		{52793B3F-130C-4B05-8333-1529981DE780}.Debug|Any CPU.ActiveCfg = Debug|Any CPU
		{52793B3F-130C-4B05-8333-1529981DE780}.Debug|Any CPU.Build.0 = Debug|Any CPU
		{52793B3F-130C-4B05-8333-1529981DE780}.Debug|Mixed Platforms.ActiveCfg = Debug|Any CPU
		{52793B3F-130C-4B05-8333-1529981DE780}.Debug|Mixed Platforms.Build.0 = Debug|Any CPU
		{52793B3F-130C-4B05-8333-1529981DE780}.Debug|Win32.ActiveCfg = Debug|Any CPU
		{52793B3F-130C-4B05-8333-1529981DE780}.Debug|x64.ActiveCfg = Debug|Any CPU
		{52793B3F-130C-4B05-8333-1529981DE780}.Debug|x64.Build.0 = Debug|Any CPU
		{52793B3F-130C-4B05-8333-1529981DE780}.Debug|x86.ActiveCfg = Debug|Any CPU
		{52793B3F-130C-4B05-8333-1529981DE780}.Release|Any CPU.ActiveCfg = Release|Any CPU
		{52793B3F-130C-4B05-8333-1529981DE780}.Release|Any CPU.Build.0 = Release|Any CPU
		{52793B3F-130C-4B05-8333-1529981DE780}.Release|Mixed Platforms.ActiveCfg = Release|Any CPU
		{52793B3F-130C-4B05-8333-1529981DE780}.Release|Mixed Platforms.Build.0 = Release|Any CPU
		{52793B3F-130C-4B05-8333-1529981DE780}.Release|Win32.ActiveCfg = Release|Any CPU
		{52793B3F-130C-4B05-8333-1529981DE780}.Release|x64.ActiveCfg = Release|Any CPU
		{52793B3F-130C-4B05-8333-1529981DE780}.Release|x64.Build.0 = Release|Any CPU
		{52793B3F-130C-4B05-8333-1529981DE780}.Release|x86.ActiveCfg = Release|Any CPU
		{52793B3F-130C-4B05-8333-1529981DE780}.Release|x86.Build.0 = Release|Any CPU
		{52793B3F-130C-4B05-8333-1529981DE780}.StockDebug|Any CPU.ActiveCfg = Debug|Any CPU
		{52793B3F-130C-4B05-8333-1529981DE780}.StockDebug|Any CPU.Build.0 = Debug|Any CPU
		{52793B3F-130C-4B05-8333-1529981DE780}.StockDebug|Mixed Platforms.ActiveCfg = Debug|Any CPU
		{52793B3F-130C-4B05-8333-1529981DE780}.StockDebug|Mixed Platforms.Build.0 = Debug|Any CPU
		{52793B3F-130C-4B05-8333-1529981DE780}.StockDebug|Win32.ActiveCfg = Debug|Any CPU
		{52793B3F-130C-4B05-8333-1529981DE780}.StockDebug|x64.ActiveCfg = Debug|Any CPU
		{52793B3F-130C-4B05-8333-1529981DE780}.StockDebug|x64.Build.0 = Debug|Any CPU
		{52793B3F-130C-4B05-8333-1529981DE780}.StockDebug|x86.ActiveCfg = Debug|Any CPU
		{52793B3F-130C-4B05-8333-1529981DE780}.StockRelease|Any CPU.ActiveCfg = Release|Any CPU
		{52793B3F-130C-4B05-8333-1529981DE780}.StockRelease|Any CPU.Build.0 = Release|Any CPU
		{52793B3F-130C-4B05-8333-1529981DE780}.StockRelease|Mixed Platforms.ActiveCfg = Release|Any CPU
		{52793B3F-130C-4B05-8333-1529981DE780}.StockRelease|Mixed Platforms.Build.0 = Release|Any CPU
		{52793B3F-130C-4B05-8333-1529981DE780}.StockRelease|Win32.ActiveCfg = Release|Any CPU
		{52793B3F-130C-4B05-8333-1529981DE780}.StockRelease|x64.ActiveCfg = Release|Any CPU
		{52793B3F-130C-4B05-8333-1529981DE780}.StockRelease|x64.Build.0 = Release|Any CPU
		{52793B3F-130C-4B05-8333-1529981DE780}.StockRelease|x86.ActiveCfg = Release|Any CPU
		{82655F73-CF7C-4416-9313-BD657AD8F05F}.Debug|Any CPU.ActiveCfg = Debug|Any CPU
		{82655F73-CF7C-4416-9313-BD657AD8F05F}.Debug|Any CPU.Build.0 = Debug|Any CPU
		{82655F73-CF7C-4416-9313-BD657AD8F05F}.Debug|Mixed Platforms.ActiveCfg = Debug|Any CPU
		{82655F73-CF7C-4416-9313-BD657AD8F05F}.Debug|Mixed Platforms.Build.0 = Debug|Any CPU
		{82655F73-CF7C-4416-9313-BD657AD8F05F}.Debug|Win32.ActiveCfg = Debug|Any CPU
		{82655F73-CF7C-4416-9313-BD657AD8F05F}.Debug|x64.ActiveCfg = Debug|Any CPU
		{82655F73-CF7C-4416-9313-BD657AD8F05F}.Debug|x64.Build.0 = Debug|Any CPU
		{82655F73-CF7C-4416-9313-BD657AD8F05F}.Debug|x86.ActiveCfg = Debug|Any CPU
		{82655F73-CF7C-4416-9313-BD657AD8F05F}.Release|Any CPU.ActiveCfg = Release|Any CPU
		{82655F73-CF7C-4416-9313-BD657AD8F05F}.Release|Any CPU.Build.0 = Release|Any CPU
		{82655F73-CF7C-4416-9313-BD657AD8F05F}.Release|Mixed Platforms.ActiveCfg = Release|Any CPU
		{82655F73-CF7C-4416-9313-BD657AD8F05F}.Release|Mixed Platforms.Build.0 = Release|Any CPU
		{82655F73-CF7C-4416-9313-BD657AD8F05F}.Release|Win32.ActiveCfg = Release|Any CPU
		{82655F73-CF7C-4416-9313-BD657AD8F05F}.Release|x64.ActiveCfg = Release|Any CPU
		{82655F73-CF7C-4416-9313-BD657AD8F05F}.Release|x64.Build.0 = Release|Any CPU
		{82655F73-CF7C-4416-9313-BD657AD8F05F}.Release|x86.ActiveCfg = Release|Any CPU
		{82655F73-CF7C-4416-9313-BD657AD8F05F}.Release|x86.Build.0 = Release|Any CPU
		{82655F73-CF7C-4416-9313-BD657AD8F05F}.StockDebug|Any CPU.ActiveCfg = Debug|Any CPU
		{82655F73-CF7C-4416-9313-BD657AD8F05F}.StockDebug|Any CPU.Build.0 = Debug|Any CPU
		{82655F73-CF7C-4416-9313-BD657AD8F05F}.StockDebug|Mixed Platforms.ActiveCfg = Debug|Any CPU
		{82655F73-CF7C-4416-9313-BD657AD8F05F}.StockDebug|Mixed Platforms.Build.0 = Debug|Any CPU
		{82655F73-CF7C-4416-9313-BD657AD8F05F}.StockDebug|Win32.ActiveCfg = Debug|Any CPU
		{82655F73-CF7C-4416-9313-BD657AD8F05F}.StockDebug|x64.ActiveCfg = Debug|Any CPU
		{82655F73-CF7C-4416-9313-BD657AD8F05F}.StockDebug|x64.Build.0 = Debug|Any CPU
		{82655F73-CF7C-4416-9313-BD657AD8F05F}.StockDebug|x86.ActiveCfg = Debug|Any CPU
		{82655F73-CF7C-4416-9313-BD657AD8F05F}.StockRelease|Any CPU.ActiveCfg = Release|Any CPU
		{82655F73-CF7C-4416-9313-BD657AD8F05F}.StockRelease|Any CPU.Build.0 = Release|Any CPU
		{82655F73-CF7C-4416-9313-BD657AD8F05F}.StockRelease|Mixed Platforms.ActiveCfg = Release|Any CPU
		{82655F73-CF7C-4416-9313-BD657AD8F05F}.StockRelease|Mixed Platforms.Build.0 = Release|Any CPU
		{82655F73-CF7C-4416-9313-BD657AD8F05F}.StockRelease|Win32.ActiveCfg = Release|Any CPU
		{82655F73-CF7C-4416-9313-BD657AD8F05F}.StockRelease|x64.ActiveCfg = Release|Any CPU
		{82655F73-CF7C-4416-9313-BD657AD8F05F}.StockRelease|x64.Build.0 = Release|Any CPU
		{82655F73-CF7C-4416-9313-BD657AD8F05F}.StockRelease|x86.ActiveCfg = Release|Any CPU
		{C670CA0D-F27B-4745-9B76-B06882052E6B}.Debug|Any CPU.ActiveCfg = Debug|Any CPU
		{C670CA0D-F27B-4745-9B76-B06882052E6B}.Debug|Any CPU.Build.0 = Debug|Any CPU
		{C670CA0D-F27B-4745-9B76-B06882052E6B}.Debug|Mixed Platforms.ActiveCfg = Debug|Any CPU
		{C670CA0D-F27B-4745-9B76-B06882052E6B}.Debug|Mixed Platforms.Build.0 = Debug|Any CPU
		{C670CA0D-F27B-4745-9B76-B06882052E6B}.Debug|Win32.ActiveCfg = Debug|Any CPU
		{C670CA0D-F27B-4745-9B76-B06882052E6B}.Debug|x64.ActiveCfg = Debug|Any CPU
		{C670CA0D-F27B-4745-9B76-B06882052E6B}.Debug|x64.Build.0 = Debug|Any CPU
		{C670CA0D-F27B-4745-9B76-B06882052E6B}.Debug|x86.ActiveCfg = Debug|Any CPU
		{C670CA0D-F27B-4745-9B76-B06882052E6B}.Release|Any CPU.ActiveCfg = Release|Any CPU
		{C670CA0D-F27B-4745-9B76-B06882052E6B}.Release|Any CPU.Build.0 = Release|Any CPU
		{C670CA0D-F27B-4745-9B76-B06882052E6B}.Release|Mixed Platforms.ActiveCfg = Release|Any CPU
		{C670CA0D-F27B-4745-9B76-B06882052E6B}.Release|Mixed Platforms.Build.0 = Release|Any CPU
		{C670CA0D-F27B-4745-9B76-B06882052E6B}.Release|Win32.ActiveCfg = Release|Any CPU
		{C670CA0D-F27B-4745-9B76-B06882052E6B}.Release|x64.ActiveCfg = Release|Any CPU
		{C670CA0D-F27B-4745-9B76-B06882052E6B}.Release|x64.Build.0 = Release|Any CPU
		{C670CA0D-F27B-4745-9B76-B06882052E6B}.Release|x86.ActiveCfg = Release|Any CPU
		{C670CA0D-F27B-4745-9B76-B06882052E6B}.Release|x86.Build.0 = Release|Any CPU
		{C670CA0D-F27B-4745-9B76-B06882052E6B}.StockDebug|Any CPU.ActiveCfg = Debug|Any CPU
		{C670CA0D-F27B-4745-9B76-B06882052E6B}.StockDebug|Any CPU.Build.0 = Debug|Any CPU
		{C670CA0D-F27B-4745-9B76-B06882052E6B}.StockDebug|Mixed Platforms.ActiveCfg = Debug|Any CPU
		{C670CA0D-F27B-4745-9B76-B06882052E6B}.StockDebug|Mixed Platforms.Build.0 = Debug|Any CPU
		{C670CA0D-F27B-4745-9B76-B06882052E6B}.StockDebug|Win32.ActiveCfg = Debug|Any CPU
		{C670CA0D-F27B-4745-9B76-B06882052E6B}.StockDebug|x64.ActiveCfg = Debug|Any CPU
		{C670CA0D-F27B-4745-9B76-B06882052E6B}.StockDebug|x64.Build.0 = Debug|Any CPU
		{C670CA0D-F27B-4745-9B76-B06882052E6B}.StockDebug|x86.ActiveCfg = Debug|Any CPU
		{C670CA0D-F27B-4745-9B76-B06882052E6B}.StockRelease|Any CPU.ActiveCfg = Release|Any CPU
		{C670CA0D-F27B-4745-9B76-B06882052E6B}.StockRelease|Any CPU.Build.0 = Release|Any CPU
		{C670CA0D-F27B-4745-9B76-B06882052E6B}.StockRelease|Mixed Platforms.ActiveCfg = Release|Any CPU
		{C670CA0D-F27B-4745-9B76-B06882052E6B}.StockRelease|Mixed Platforms.Build.0 = Release|Any CPU
		{C670CA0D-F27B-4745-9B76-B06882052E6B}.StockRelease|Win32.ActiveCfg = Release|Any CPU
		{C670CA0D-F27B-4745-9B76-B06882052E6B}.StockRelease|x64.ActiveCfg = Release|Any CPU
		{C670CA0D-F27B-4745-9B76-B06882052E6B}.StockRelease|x64.Build.0 = Release|Any CPU
		{C670CA0D-F27B-4745-9B76-B06882052E6B}.StockRelease|x86.ActiveCfg = Release|Any CPU
		{27FA7C52-3C80-4B72-8FBB-BCAC0328236E}.Debug|Any CPU.ActiveCfg = Debug|x86
		{27FA7C52-3C80-4B72-8FBB-BCAC0328236E}.Debug|Mixed Platforms.ActiveCfg = Debug|x86
		{27FA7C52-3C80-4B72-8FBB-BCAC0328236E}.Debug|Mixed Platforms.Build.0 = Debug|x86
		{27FA7C52-3C80-4B72-8FBB-BCAC0328236E}.Debug|Win32.ActiveCfg = Debug|x86
		{27FA7C52-3C80-4B72-8FBB-BCAC0328236E}.Debug|x64.ActiveCfg = Debug|x86
		{27FA7C52-3C80-4B72-8FBB-BCAC0328236E}.Debug|x86.ActiveCfg = Debug|x86
		{27FA7C52-3C80-4B72-8FBB-BCAC0328236E}.Debug|x86.Build.0 = Debug|x86
		{27FA7C52-3C80-4B72-8FBB-BCAC0328236E}.Release|Any CPU.ActiveCfg = Release|x86
		{27FA7C52-3C80-4B72-8FBB-BCAC0328236E}.Release|Any CPU.Build.0 = Release|x86
		{27FA7C52-3C80-4B72-8FBB-BCAC0328236E}.Release|Mixed Platforms.ActiveCfg = Release|x86
		{27FA7C52-3C80-4B72-8FBB-BCAC0328236E}.Release|Mixed Platforms.Build.0 = Release|x86
		{27FA7C52-3C80-4B72-8FBB-BCAC0328236E}.Release|Win32.ActiveCfg = Release|x86
		{27FA7C52-3C80-4B72-8FBB-BCAC0328236E}.Release|x64.ActiveCfg = Release|x86
		{27FA7C52-3C80-4B72-8FBB-BCAC0328236E}.Release|x86.ActiveCfg = Release|x86
		{27FA7C52-3C80-4B72-8FBB-BCAC0328236E}.Release|x86.Build.0 = Release|x86
		{27FA7C52-3C80-4B72-8FBB-BCAC0328236E}.StockDebug|Any CPU.ActiveCfg = Debug|x86
		{27FA7C52-3C80-4B72-8FBB-BCAC0328236E}.StockDebug|Mixed Platforms.ActiveCfg = Debug|x86
		{27FA7C52-3C80-4B72-8FBB-BCAC0328236E}.StockDebug|Mixed Platforms.Build.0 = Debug|x86
		{27FA7C52-3C80-4B72-8FBB-BCAC0328236E}.StockDebug|Win32.ActiveCfg = Debug|x86
		{27FA7C52-3C80-4B72-8FBB-BCAC0328236E}.StockDebug|x64.ActiveCfg = Release|x86
		{27FA7C52-3C80-4B72-8FBB-BCAC0328236E}.StockDebug|x64.Build.0 = Release|x86
		{27FA7C52-3C80-4B72-8FBB-BCAC0328236E}.StockDebug|x86.ActiveCfg = Debug|x86
		{27FA7C52-3C80-4B72-8FBB-BCAC0328236E}.StockDebug|x86.Build.0 = Debug|x86
		{27FA7C52-3C80-4B72-8FBB-BCAC0328236E}.StockRelease|Any CPU.ActiveCfg = Release|x86
		{27FA7C52-3C80-4B72-8FBB-BCAC0328236E}.StockRelease|Mixed Platforms.ActiveCfg = Release|x86
		{27FA7C52-3C80-4B72-8FBB-BCAC0328236E}.StockRelease|Mixed Platforms.Build.0 = Release|x86
		{27FA7C52-3C80-4B72-8FBB-BCAC0328236E}.StockRelease|Win32.ActiveCfg = Release|x86
		{27FA7C52-3C80-4B72-8FBB-BCAC0328236E}.StockRelease|x64.ActiveCfg = Release|x86
		{27FA7C52-3C80-4B72-8FBB-BCAC0328236E}.StockRelease|x64.Build.0 = Release|x86
		{27FA7C52-3C80-4B72-8FBB-BCAC0328236E}.StockRelease|x86.ActiveCfg = Release|x86
		{27FA7C52-3C80-4B72-8FBB-BCAC0328236E}.StockRelease|x86.Build.0 = Release|x86
		{A896EADC-459C-4F6D-8B16-86B0A0F0F6A8}.Debug|Any CPU.ActiveCfg = Debug|Any CPU
		{A896EADC-459C-4F6D-8B16-86B0A0F0F6A8}.Debug|Any CPU.Build.0 = Debug|Any CPU
		{A896EADC-459C-4F6D-8B16-86B0A0F0F6A8}.Debug|Mixed Platforms.ActiveCfg = Debug|Any CPU
		{A896EADC-459C-4F6D-8B16-86B0A0F0F6A8}.Debug|Win32.ActiveCfg = Debug|Any CPU
		{A896EADC-459C-4F6D-8B16-86B0A0F0F6A8}.Debug|x64.ActiveCfg = Debug|Any CPU
		{A896EADC-459C-4F6D-8B16-86B0A0F0F6A8}.Debug|x64.Build.0 = Debug|Any CPU
		{A896EADC-459C-4F6D-8B16-86B0A0F0F6A8}.Debug|x86.ActiveCfg = Debug|Any CPU
		{A896EADC-459C-4F6D-8B16-86B0A0F0F6A8}.Release|Any CPU.ActiveCfg = Release|Any CPU
		{A896EADC-459C-4F6D-8B16-86B0A0F0F6A8}.Release|Any CPU.Build.0 = Release|Any CPU
		{A896EADC-459C-4F6D-8B16-86B0A0F0F6A8}.Release|Mixed Platforms.ActiveCfg = Release|Any CPU
		{A896EADC-459C-4F6D-8B16-86B0A0F0F6A8}.Release|Win32.ActiveCfg = Release|Any CPU
		{A896EADC-459C-4F6D-8B16-86B0A0F0F6A8}.Release|x64.ActiveCfg = Release|Any CPU
		{A896EADC-459C-4F6D-8B16-86B0A0F0F6A8}.Release|x64.Build.0 = Release|Any CPU
		{A896EADC-459C-4F6D-8B16-86B0A0F0F6A8}.Release|x86.ActiveCfg = Release|Any CPU
		{A896EADC-459C-4F6D-8B16-86B0A0F0F6A8}.Release|x86.Build.0 = Release|Any CPU
		{A896EADC-459C-4F6D-8B16-86B0A0F0F6A8}.StockDebug|Any CPU.ActiveCfg = Debug|Any CPU
		{A896EADC-459C-4F6D-8B16-86B0A0F0F6A8}.StockDebug|Any CPU.Build.0 = Debug|Any CPU
		{A896EADC-459C-4F6D-8B16-86B0A0F0F6A8}.StockDebug|Mixed Platforms.ActiveCfg = Debug|Any CPU
		{A896EADC-459C-4F6D-8B16-86B0A0F0F6A8}.StockDebug|Mixed Platforms.Build.0 = Debug|Any CPU
		{A896EADC-459C-4F6D-8B16-86B0A0F0F6A8}.StockDebug|Win32.ActiveCfg = Debug|Any CPU
		{A896EADC-459C-4F6D-8B16-86B0A0F0F6A8}.StockDebug|x64.ActiveCfg = Debug|Any CPU
		{A896EADC-459C-4F6D-8B16-86B0A0F0F6A8}.StockDebug|x64.Build.0 = Debug|Any CPU
		{A896EADC-459C-4F6D-8B16-86B0A0F0F6A8}.StockDebug|x86.ActiveCfg = Debug|Any CPU
		{A896EADC-459C-4F6D-8B16-86B0A0F0F6A8}.StockRelease|Any CPU.ActiveCfg = Release|Any CPU
		{A896EADC-459C-4F6D-8B16-86B0A0F0F6A8}.StockRelease|Any CPU.Build.0 = Release|Any CPU
		{A896EADC-459C-4F6D-8B16-86B0A0F0F6A8}.StockRelease|Mixed Platforms.ActiveCfg = Release|Any CPU
		{A896EADC-459C-4F6D-8B16-86B0A0F0F6A8}.StockRelease|Mixed Platforms.Build.0 = Release|Any CPU
		{A896EADC-459C-4F6D-8B16-86B0A0F0F6A8}.StockRelease|Win32.ActiveCfg = Release|Any CPU
		{A896EADC-459C-4F6D-8B16-86B0A0F0F6A8}.StockRelease|x64.ActiveCfg = Release|Any CPU
		{A896EADC-459C-4F6D-8B16-86B0A0F0F6A8}.StockRelease|x64.Build.0 = Release|Any CPU
		{A896EADC-459C-4F6D-8B16-86B0A0F0F6A8}.StockRelease|x86.ActiveCfg = Release|Any CPU
		{B2D09178-C478-4FA0-A62B-3FB40CE9B4D9}.Debug|Any CPU.ActiveCfg = Debug|Win32
		{B2D09178-C478-4FA0-A62B-3FB40CE9B4D9}.Debug|Mixed Platforms.ActiveCfg = Debug|Win32
		{B2D09178-C478-4FA0-A62B-3FB40CE9B4D9}.Debug|Mixed Platforms.Build.0 = Debug|Win32
		{B2D09178-C478-4FA0-A62B-3FB40CE9B4D9}.Debug|Win32.ActiveCfg = Debug|Win32
		{B2D09178-C478-4FA0-A62B-3FB40CE9B4D9}.Debug|Win32.Build.0 = Debug|Win32
		{B2D09178-C478-4FA0-A62B-3FB40CE9B4D9}.Debug|x64.ActiveCfg = Debug|Win32
		{B2D09178-C478-4FA0-A62B-3FB40CE9B4D9}.Debug|x86.ActiveCfg = Debug|Win32
		{B2D09178-C478-4FA0-A62B-3FB40CE9B4D9}.Release|Any CPU.ActiveCfg = Release|Win32
		{B2D09178-C478-4FA0-A62B-3FB40CE9B4D9}.Release|Mixed Platforms.ActiveCfg = Release|Win32
		{B2D09178-C478-4FA0-A62B-3FB40CE9B4D9}.Release|Win32.ActiveCfg = Release|Win32
		{B2D09178-C478-4FA0-A62B-3FB40CE9B4D9}.Release|Win32.Build.0 = Release|Win32
		{B2D09178-C478-4FA0-A62B-3FB40CE9B4D9}.Release|x64.ActiveCfg = Release|Win32
		{B2D09178-C478-4FA0-A62B-3FB40CE9B4D9}.Release|x86.ActiveCfg = Release|Win32
		{B2D09178-C478-4FA0-A62B-3FB40CE9B4D9}.StockDebug|Any CPU.ActiveCfg = Debug|Win32
		{B2D09178-C478-4FA0-A62B-3FB40CE9B4D9}.StockDebug|Mixed Platforms.ActiveCfg = Debug|Win32
		{B2D09178-C478-4FA0-A62B-3FB40CE9B4D9}.StockDebug|Mixed Platforms.Build.0 = Debug|Win32
		{B2D09178-C478-4FA0-A62B-3FB40CE9B4D9}.StockDebug|Win32.ActiveCfg = Debug|Win32
		{B2D09178-C478-4FA0-A62B-3FB40CE9B4D9}.StockDebug|Win32.Build.0 = Debug|Win32
		{B2D09178-C478-4FA0-A62B-3FB40CE9B4D9}.StockDebug|x64.ActiveCfg = Release|Win32
		{B2D09178-C478-4FA0-A62B-3FB40CE9B4D9}.StockDebug|x64.Build.0 = Release|Win32
		{B2D09178-C478-4FA0-A62B-3FB40CE9B4D9}.StockDebug|x86.ActiveCfg = Debug|Win32
		{B2D09178-C478-4FA0-A62B-3FB40CE9B4D9}.StockRelease|Any CPU.ActiveCfg = Release|Win32
		{B2D09178-C478-4FA0-A62B-3FB40CE9B4D9}.StockRelease|Mixed Platforms.ActiveCfg = Release|Win32
		{B2D09178-C478-4FA0-A62B-3FB40CE9B4D9}.StockRelease|Mixed Platforms.Build.0 = Release|Win32
		{B2D09178-C478-4FA0-A62B-3FB40CE9B4D9}.StockRelease|Win32.ActiveCfg = Release|Win32
		{B2D09178-C478-4FA0-A62B-3FB40CE9B4D9}.StockRelease|Win32.Build.0 = Release|Win32
		{B2D09178-C478-4FA0-A62B-3FB40CE9B4D9}.StockRelease|x64.ActiveCfg = Release|Win32
		{B2D09178-C478-4FA0-A62B-3FB40CE9B4D9}.StockRelease|x64.Build.0 = Release|Win32
		{B2D09178-C478-4FA0-A62B-3FB40CE9B4D9}.StockRelease|x86.ActiveCfg = Release|Win32
		{477C9B57-AD36-4CAC-998F-800C5A693C35}.Debug|Any CPU.ActiveCfg = Debug|Any CPU
		{477C9B57-AD36-4CAC-998F-800C5A693C35}.Debug|Any CPU.Build.0 = Debug|Any CPU
		{477C9B57-AD36-4CAC-998F-800C5A693C35}.Debug|Mixed Platforms.ActiveCfg = Debug|Any CPU
		{477C9B57-AD36-4CAC-998F-800C5A693C35}.Debug|Mixed Platforms.Build.0 = Debug|Any CPU
		{477C9B57-AD36-4CAC-998F-800C5A693C35}.Debug|Win32.ActiveCfg = Debug|Any CPU
		{477C9B57-AD36-4CAC-998F-800C5A693C35}.Debug|x64.ActiveCfg = Debug|Any CPU
		{477C9B57-AD36-4CAC-998F-800C5A693C35}.Debug|x64.Build.0 = Debug|Any CPU
		{477C9B57-AD36-4CAC-998F-800C5A693C35}.Debug|x86.ActiveCfg = Debug|Any CPU
		{477C9B57-AD36-4CAC-998F-800C5A693C35}.Release|Any CPU.ActiveCfg = Release|Any CPU
		{477C9B57-AD36-4CAC-998F-800C5A693C35}.Release|Any CPU.Build.0 = Release|Any CPU
		{477C9B57-AD36-4CAC-998F-800C5A693C35}.Release|Mixed Platforms.ActiveCfg = Release|Any CPU
		{477C9B57-AD36-4CAC-998F-800C5A693C35}.Release|Mixed Platforms.Build.0 = Release|Any CPU
		{477C9B57-AD36-4CAC-998F-800C5A693C35}.Release|Win32.ActiveCfg = Release|Any CPU
		{477C9B57-AD36-4CAC-998F-800C5A693C35}.Release|x64.ActiveCfg = Release|Any CPU
		{477C9B57-AD36-4CAC-998F-800C5A693C35}.Release|x64.Build.0 = Release|Any CPU
		{477C9B57-AD36-4CAC-998F-800C5A693C35}.Release|x86.ActiveCfg = Release|Any CPU
		{477C9B57-AD36-4CAC-998F-800C5A693C35}.StockDebug|Any CPU.ActiveCfg = Debug|Any CPU
		{477C9B57-AD36-4CAC-998F-800C5A693C35}.StockDebug|Any CPU.Build.0 = Debug|Any CPU
		{477C9B57-AD36-4CAC-998F-800C5A693C35}.StockDebug|Mixed Platforms.ActiveCfg = Debug|Any CPU
		{477C9B57-AD36-4CAC-998F-800C5A693C35}.StockDebug|Mixed Platforms.Build.0 = Debug|Any CPU
		{477C9B57-AD36-4CAC-998F-800C5A693C35}.StockDebug|Win32.ActiveCfg = Debug|Any CPU
		{477C9B57-AD36-4CAC-998F-800C5A693C35}.StockDebug|x64.ActiveCfg = Debug|Any CPU
		{477C9B57-AD36-4CAC-998F-800C5A693C35}.StockDebug|x64.Build.0 = Debug|Any CPU
		{477C9B57-AD36-4CAC-998F-800C5A693C35}.StockDebug|x86.ActiveCfg = Debug|Any CPU
		{477C9B57-AD36-4CAC-998F-800C5A693C35}.StockRelease|Any CPU.ActiveCfg = Release|Any CPU
		{477C9B57-AD36-4CAC-998F-800C5A693C35}.StockRelease|Any CPU.Build.0 = Release|Any CPU
		{477C9B57-AD36-4CAC-998F-800C5A693C35}.StockRelease|Mixed Platforms.ActiveCfg = Release|Any CPU
		{477C9B57-AD36-4CAC-998F-800C5A693C35}.StockRelease|Mixed Platforms.Build.0 = Release|Any CPU
		{477C9B57-AD36-4CAC-998F-800C5A693C35}.StockRelease|Win32.ActiveCfg = Release|Any CPU
		{477C9B57-AD36-4CAC-998F-800C5A693C35}.StockRelease|x64.ActiveCfg = Release|Any CPU
		{477C9B57-AD36-4CAC-998F-800C5A693C35}.StockRelease|x64.Build.0 = Release|Any CPU
		{477C9B57-AD36-4CAC-998F-800C5A693C35}.StockRelease|x86.ActiveCfg = Release|Any CPU
		{A46549EC-1747-4E96-B7F0-A7A18B312DA5}.Debug|Any CPU.ActiveCfg = Debug|Any CPU
		{A46549EC-1747-4E96-B7F0-A7A18B312DA5}.Debug|Any CPU.Build.0 = Debug|Any CPU
		{A46549EC-1747-4E96-B7F0-A7A18B312DA5}.Debug|Mixed Platforms.ActiveCfg = Debug|Any CPU
		{A46549EC-1747-4E96-B7F0-A7A18B312DA5}.Debug|Mixed Platforms.Build.0 = Debug|Any CPU
		{A46549EC-1747-4E96-B7F0-A7A18B312DA5}.Debug|Win32.ActiveCfg = Debug|Any CPU
		{A46549EC-1747-4E96-B7F0-A7A18B312DA5}.Debug|Win32.Build.0 = Debug|Any CPU
		{A46549EC-1747-4E96-B7F0-A7A18B312DA5}.Debug|x64.ActiveCfg = Debug|Any CPU
		{A46549EC-1747-4E96-B7F0-A7A18B312DA5}.Debug|x64.Build.0 = Debug|Any CPU
		{A46549EC-1747-4E96-B7F0-A7A18B312DA5}.Debug|x86.ActiveCfg = Debug|Any CPU
		{A46549EC-1747-4E96-B7F0-A7A18B312DA5}.Debug|x86.Build.0 = Debug|Any CPU
		{A46549EC-1747-4E96-B7F0-A7A18B312DA5}.Release|Any CPU.ActiveCfg = Release|Any CPU
		{A46549EC-1747-4E96-B7F0-A7A18B312DA5}.Release|Any CPU.Build.0 = Release|Any CPU
		{A46549EC-1747-4E96-B7F0-A7A18B312DA5}.Release|Mixed Platforms.ActiveCfg = Release|Any CPU
		{A46549EC-1747-4E96-B7F0-A7A18B312DA5}.Release|Mixed Platforms.Build.0 = Release|Any CPU
		{A46549EC-1747-4E96-B7F0-A7A18B312DA5}.Release|Win32.ActiveCfg = Release|Any CPU
		{A46549EC-1747-4E96-B7F0-A7A18B312DA5}.Release|Win32.Build.0 = Release|Any CPU
		{A46549EC-1747-4E96-B7F0-A7A18B312DA5}.Release|x64.ActiveCfg = Release|Any CPU
		{A46549EC-1747-4E96-B7F0-A7A18B312DA5}.Release|x64.Build.0 = Release|Any CPU
		{A46549EC-1747-4E96-B7F0-A7A18B312DA5}.Release|x86.ActiveCfg = Release|Any CPU
		{A46549EC-1747-4E96-B7F0-A7A18B312DA5}.Release|x86.Build.0 = Release|Any CPU
		{A46549EC-1747-4E96-B7F0-A7A18B312DA5}.StockDebug|Any CPU.ActiveCfg = Debug|Any CPU
		{A46549EC-1747-4E96-B7F0-A7A18B312DA5}.StockDebug|Any CPU.Build.0 = Debug|Any CPU
		{A46549EC-1747-4E96-B7F0-A7A18B312DA5}.StockDebug|Mixed Platforms.ActiveCfg = Debug|Any CPU
		{A46549EC-1747-4E96-B7F0-A7A18B312DA5}.StockDebug|Mixed Platforms.Build.0 = Debug|Any CPU
		{A46549EC-1747-4E96-B7F0-A7A18B312DA5}.StockDebug|Win32.ActiveCfg = Debug|Any CPU
		{A46549EC-1747-4E96-B7F0-A7A18B312DA5}.StockDebug|Win32.Build.0 = Debug|Any CPU
		{A46549EC-1747-4E96-B7F0-A7A18B312DA5}.StockDebug|x64.ActiveCfg = Debug|Any CPU
		{A46549EC-1747-4E96-B7F0-A7A18B312DA5}.StockDebug|x64.Build.0 = Debug|Any CPU
		{A46549EC-1747-4E96-B7F0-A7A18B312DA5}.StockDebug|x86.ActiveCfg = Debug|Any CPU
		{A46549EC-1747-4E96-B7F0-A7A18B312DA5}.StockDebug|x86.Build.0 = Debug|Any CPU
		{A46549EC-1747-4E96-B7F0-A7A18B312DA5}.StockRelease|Any CPU.ActiveCfg = Release|Any CPU
		{A46549EC-1747-4E96-B7F0-A7A18B312DA5}.StockRelease|Any CPU.Build.0 = Release|Any CPU
		{A46549EC-1747-4E96-B7F0-A7A18B312DA5}.StockRelease|Mixed Platforms.ActiveCfg = Release|Any CPU
		{A46549EC-1747-4E96-B7F0-A7A18B312DA5}.StockRelease|Mixed Platforms.Build.0 = Release|Any CPU
		{A46549EC-1747-4E96-B7F0-A7A18B312DA5}.StockRelease|Win32.ActiveCfg = Release|Any CPU
		{A46549EC-1747-4E96-B7F0-A7A18B312DA5}.StockRelease|Win32.Build.0 = Release|Any CPU
		{A46549EC-1747-4E96-B7F0-A7A18B312DA5}.StockRelease|x64.ActiveCfg = Release|Any CPU
		{A46549EC-1747-4E96-B7F0-A7A18B312DA5}.StockRelease|x64.Build.0 = Release|Any CPU
		{A46549EC-1747-4E96-B7F0-A7A18B312DA5}.StockRelease|x86.ActiveCfg = Release|Any CPU
		{A46549EC-1747-4E96-B7F0-A7A18B312DA5}.StockRelease|x86.Build.0 = Release|Any CPU
		{B9C52BDA-4F73-4E5B-BFC7-A0EEA6A3F9A9}.Debug|Any CPU.ActiveCfg = Debug|Any CPU
		{B9C52BDA-4F73-4E5B-BFC7-A0EEA6A3F9A9}.Debug|Any CPU.Build.0 = Debug|Any CPU
		{B9C52BDA-4F73-4E5B-BFC7-A0EEA6A3F9A9}.Debug|Mixed Platforms.ActiveCfg = Debug|Any CPU
		{B9C52BDA-4F73-4E5B-BFC7-A0EEA6A3F9A9}.Debug|Win32.ActiveCfg = Debug|Any CPU
		{B9C52BDA-4F73-4E5B-BFC7-A0EEA6A3F9A9}.Debug|Win32.Build.0 = Debug|Any CPU
		{B9C52BDA-4F73-4E5B-BFC7-A0EEA6A3F9A9}.Debug|x64.ActiveCfg = Debug|Any CPU
		{B9C52BDA-4F73-4E5B-BFC7-A0EEA6A3F9A9}.Debug|x64.Build.0 = Debug|Any CPU
		{B9C52BDA-4F73-4E5B-BFC7-A0EEA6A3F9A9}.Debug|x86.ActiveCfg = Debug|Any CPU
		{B9C52BDA-4F73-4E5B-BFC7-A0EEA6A3F9A9}.Debug|x86.Build.0 = Debug|Any CPU
		{B9C52BDA-4F73-4E5B-BFC7-A0EEA6A3F9A9}.Release|Any CPU.ActiveCfg = Release|Any CPU
		{B9C52BDA-4F73-4E5B-BFC7-A0EEA6A3F9A9}.Release|Any CPU.Build.0 = Release|Any CPU
		{B9C52BDA-4F73-4E5B-BFC7-A0EEA6A3F9A9}.Release|Mixed Platforms.ActiveCfg = Release|Any CPU
		{B9C52BDA-4F73-4E5B-BFC7-A0EEA6A3F9A9}.Release|Mixed Platforms.Build.0 = Release|Any CPU
		{B9C52BDA-4F73-4E5B-BFC7-A0EEA6A3F9A9}.Release|Win32.ActiveCfg = Release|Any CPU
		{B9C52BDA-4F73-4E5B-BFC7-A0EEA6A3F9A9}.Release|Win32.Build.0 = Release|Any CPU
		{B9C52BDA-4F73-4E5B-BFC7-A0EEA6A3F9A9}.Release|x64.ActiveCfg = Release|Any CPU
		{B9C52BDA-4F73-4E5B-BFC7-A0EEA6A3F9A9}.Release|x64.Build.0 = Release|Any CPU
		{B9C52BDA-4F73-4E5B-BFC7-A0EEA6A3F9A9}.Release|x86.ActiveCfg = Release|Any CPU
		{B9C52BDA-4F73-4E5B-BFC7-A0EEA6A3F9A9}.Release|x86.Build.0 = Release|Any CPU
		{B9C52BDA-4F73-4E5B-BFC7-A0EEA6A3F9A9}.StockDebug|Any CPU.ActiveCfg = Debug|Any CPU
		{B9C52BDA-4F73-4E5B-BFC7-A0EEA6A3F9A9}.StockDebug|Any CPU.Build.0 = Debug|Any CPU
		{B9C52BDA-4F73-4E5B-BFC7-A0EEA6A3F9A9}.StockDebug|Mixed Platforms.ActiveCfg = Debug|Any CPU
		{B9C52BDA-4F73-4E5B-BFC7-A0EEA6A3F9A9}.StockDebug|Mixed Platforms.Build.0 = Debug|Any CPU
		{B9C52BDA-4F73-4E5B-BFC7-A0EEA6A3F9A9}.StockDebug|Win32.ActiveCfg = Debug|Any CPU
		{B9C52BDA-4F73-4E5B-BFC7-A0EEA6A3F9A9}.StockDebug|Win32.Build.0 = Debug|Any CPU
		{B9C52BDA-4F73-4E5B-BFC7-A0EEA6A3F9A9}.StockDebug|x64.ActiveCfg = Debug|Any CPU
		{B9C52BDA-4F73-4E5B-BFC7-A0EEA6A3F9A9}.StockDebug|x64.Build.0 = Debug|Any CPU
		{B9C52BDA-4F73-4E5B-BFC7-A0EEA6A3F9A9}.StockDebug|x86.ActiveCfg = Debug|Any CPU
		{B9C52BDA-4F73-4E5B-BFC7-A0EEA6A3F9A9}.StockDebug|x86.Build.0 = Debug|Any CPU
		{B9C52BDA-4F73-4E5B-BFC7-A0EEA6A3F9A9}.StockRelease|Any CPU.ActiveCfg = Release|Any CPU
		{B9C52BDA-4F73-4E5B-BFC7-A0EEA6A3F9A9}.StockRelease|Any CPU.Build.0 = Release|Any CPU
		{B9C52BDA-4F73-4E5B-BFC7-A0EEA6A3F9A9}.StockRelease|Mixed Platforms.ActiveCfg = Release|Any CPU
		{B9C52BDA-4F73-4E5B-BFC7-A0EEA6A3F9A9}.StockRelease|Mixed Platforms.Build.0 = Release|Any CPU
		{B9C52BDA-4F73-4E5B-BFC7-A0EEA6A3F9A9}.StockRelease|Win32.ActiveCfg = Release|Any CPU
		{B9C52BDA-4F73-4E5B-BFC7-A0EEA6A3F9A9}.StockRelease|Win32.Build.0 = Release|Any CPU
		{B9C52BDA-4F73-4E5B-BFC7-A0EEA6A3F9A9}.StockRelease|x64.ActiveCfg = Release|Any CPU
		{B9C52BDA-4F73-4E5B-BFC7-A0EEA6A3F9A9}.StockRelease|x64.Build.0 = Release|Any CPU
		{B9C52BDA-4F73-4E5B-BFC7-A0EEA6A3F9A9}.StockRelease|x86.ActiveCfg = Release|Any CPU
		{B9C52BDA-4F73-4E5B-BFC7-A0EEA6A3F9A9}.StockRelease|x86.Build.0 = Release|Any CPU
		{D0BC151D-7C3B-473D-A9E3-D9D6ABDB52C7}.Debug|Any CPU.ActiveCfg = Debug|Any CPU
		{D0BC151D-7C3B-473D-A9E3-D9D6ABDB52C7}.Debug|Any CPU.Build.0 = Debug|Any CPU
		{D0BC151D-7C3B-473D-A9E3-D9D6ABDB52C7}.Debug|Mixed Platforms.ActiveCfg = Debug|x86
		{D0BC151D-7C3B-473D-A9E3-D9D6ABDB52C7}.Debug|Mixed Platforms.Build.0 = Debug|x86
		{D0BC151D-7C3B-473D-A9E3-D9D6ABDB52C7}.Debug|Win32.ActiveCfg = Debug|x86
		{D0BC151D-7C3B-473D-A9E3-D9D6ABDB52C7}.Debug|Win32.Build.0 = Debug|x86
		{D0BC151D-7C3B-473D-A9E3-D9D6ABDB52C7}.Debug|x64.ActiveCfg = Debug|x64
		{D0BC151D-7C3B-473D-A9E3-D9D6ABDB52C7}.Debug|x64.Build.0 = Debug|x64
		{D0BC151D-7C3B-473D-A9E3-D9D6ABDB52C7}.Debug|x86.ActiveCfg = Debug|x86
		{D0BC151D-7C3B-473D-A9E3-D9D6ABDB52C7}.Debug|x86.Build.0 = Debug|x86
		{D0BC151D-7C3B-473D-A9E3-D9D6ABDB52C7}.Release|Any CPU.ActiveCfg = Release|Any CPU
		{D0BC151D-7C3B-473D-A9E3-D9D6ABDB52C7}.Release|Any CPU.Build.0 = Release|Any CPU
		{D0BC151D-7C3B-473D-A9E3-D9D6ABDB52C7}.Release|Mixed Platforms.ActiveCfg = Release|x86
		{D0BC151D-7C3B-473D-A9E3-D9D6ABDB52C7}.Release|Mixed Platforms.Build.0 = Release|x86
		{D0BC151D-7C3B-473D-A9E3-D9D6ABDB52C7}.Release|Win32.ActiveCfg = Release|x86
		{D0BC151D-7C3B-473D-A9E3-D9D6ABDB52C7}.Release|Win32.Build.0 = Release|x86
		{D0BC151D-7C3B-473D-A9E3-D9D6ABDB52C7}.Release|x64.ActiveCfg = Release|x64
		{D0BC151D-7C3B-473D-A9E3-D9D6ABDB52C7}.Release|x64.Build.0 = Release|x64
		{D0BC151D-7C3B-473D-A9E3-D9D6ABDB52C7}.Release|x86.ActiveCfg = Release|x86
		{D0BC151D-7C3B-473D-A9E3-D9D6ABDB52C7}.Release|x86.Build.0 = Release|x86
		{D0BC151D-7C3B-473D-A9E3-D9D6ABDB52C7}.StockDebug|Any CPU.ActiveCfg = Debug|Any CPU
		{D0BC151D-7C3B-473D-A9E3-D9D6ABDB52C7}.StockDebug|Any CPU.Build.0 = Debug|Any CPU
		{D0BC151D-7C3B-473D-A9E3-D9D6ABDB52C7}.StockDebug|Mixed Platforms.ActiveCfg = Debug|x86
		{D0BC151D-7C3B-473D-A9E3-D9D6ABDB52C7}.StockDebug|Mixed Platforms.Build.0 = Debug|x86
		{D0BC151D-7C3B-473D-A9E3-D9D6ABDB52C7}.StockDebug|Win32.ActiveCfg = Debug|x86
		{D0BC151D-7C3B-473D-A9E3-D9D6ABDB52C7}.StockDebug|Win32.Build.0 = Debug|x86
		{D0BC151D-7C3B-473D-A9E3-D9D6ABDB52C7}.StockDebug|x64.ActiveCfg = Debug|x64
		{D0BC151D-7C3B-473D-A9E3-D9D6ABDB52C7}.StockDebug|x64.Build.0 = Debug|x64
		{D0BC151D-7C3B-473D-A9E3-D9D6ABDB52C7}.StockDebug|x86.ActiveCfg = Debug|x86
		{D0BC151D-7C3B-473D-A9E3-D9D6ABDB52C7}.StockDebug|x86.Build.0 = Debug|x86
		{D0BC151D-7C3B-473D-A9E3-D9D6ABDB52C7}.StockRelease|Any CPU.ActiveCfg = Release|Any CPU
		{D0BC151D-7C3B-473D-A9E3-D9D6ABDB52C7}.StockRelease|Any CPU.Build.0 = Release|Any CPU
		{D0BC151D-7C3B-473D-A9E3-D9D6ABDB52C7}.StockRelease|Mixed Platforms.ActiveCfg = Release|x86
		{D0BC151D-7C3B-473D-A9E3-D9D6ABDB52C7}.StockRelease|Mixed Platforms.Build.0 = Release|x86
		{D0BC151D-7C3B-473D-A9E3-D9D6ABDB52C7}.StockRelease|Win32.ActiveCfg = Release|x86
		{D0BC151D-7C3B-473D-A9E3-D9D6ABDB52C7}.StockRelease|Win32.Build.0 = Release|x86
		{D0BC151D-7C3B-473D-A9E3-D9D6ABDB52C7}.StockRelease|x64.ActiveCfg = Release|x64
		{D0BC151D-7C3B-473D-A9E3-D9D6ABDB52C7}.StockRelease|x64.Build.0 = Release|x64
		{D0BC151D-7C3B-473D-A9E3-D9D6ABDB52C7}.StockRelease|x86.ActiveCfg = Release|x86
		{D0BC151D-7C3B-473D-A9E3-D9D6ABDB52C7}.StockRelease|x86.Build.0 = Release|x86
	EndGlobalSection
	GlobalSection(SolutionProperties) = preSolution
		HideSolutionNode = FALSE
	EndGlobalSection
	GlobalSection(NestedProjects) = preSolution
		{2CFE5DD3-579B-4320-8689-4A611ECD5C80} = {5FA4D28D-8CD8-4BA8-BC25-4800F17768A9}
		{B811D44F-B1C0-48B4-85CD-B3E0C19FFF8D} = {2CFE5DD3-579B-4320-8689-4A611ECD5C80}
	EndGlobalSection
EndGlobal
